PODS:
  - Alamofire (5.6.4)
  - Kingfisher (5.15.8):
    - Kingfisher/Core (= 5.15.8)
  - Kingfisher/Core (5.15.8)

DEPENDENCIES:
  - Alamofire (~> 5.6.1)
  - Kingfisher (~> 5.0)

SPEC REPOS:
  trunk:
    - Alamofire
    - Kingfisher

SPEC CHECKSUMS:
  Alamofire: 4e95d97098eacb88856099c4fc79b526a299e48c
  Kingfisher: a3c03d702433fa6cfedabb2bddbe076fb8f2e902

PODFILE CHECKSUM: 9c86932b7e907d332cf59dac2b9fcef5e2f0e2ae

COCOAPODS: 1.13.0
